# THIS IS AN AUTOGENERATED FILE. DO NOT EDIT THIS FILE DIRECTLY.
# yarn lockfile v1


"@types/commander@^2.3.31":
  version "2.3.31"
  resolved "http://registry.npm.taobao.org/@types/commander/download/@types/commander-2.3.31.tgz#c60e5517091f9e2200a5e2063a830eddac4a7036"
  dependencies:
    "@types/node" "*"

"@types/inquirer@^0.0.32":
  version "0.0.32"
  resolved "http://registry.npm.taobao.org/@types/inquirer/download/@types/inquirer-0.0.32.tgz#a4a08e83741c500a7c3c8e7776014f7f8a65870d"
  dependencies:
    "@types/rx" "*"
    "@types/through" "*"

"@types/invariant@^2.2.28":
  version "2.2.28"
  resolved "http://registry.npm.taobao.org/@types/invariant/download/@types/invariant-2.2.28.tgz#ad721b5c0168db3aaffe551d4acfb8a5b4386e30"

"@types/node@*", "@types/node@^7.0.5":
  version "7.0.5"
  resolved "http://registry.npm.taobao.org/@types/node/download/@types/node-7.0.5.tgz#96a0f0a618b7b606f1ec547403c00650210bfbb7"

"@types/rx-core-binding@*":
  version "4.0.0"
  resolved "http://registry.npm.taobao.org/@types/rx-core-binding/download/@types/rx-core-binding-4.0.0.tgz#77c26d8f786140c6e10139bb19bf5363de67a398"
  dependencies:
    "@types/rx-core" "*"

"@types/rx-core@*":
  version "4.0.0"
  resolved "http://registry.npm.taobao.org/@types/rx-core/download/@types/rx-core-4.0.0.tgz#82c2f9f3ff055e1d6664dc9845b6f3d5fd890cf8"

"@types/rx-lite-aggregates@*":
  version "4.0.0"
  resolved "http://registry.npm.taobao.org/@types/rx-lite-aggregates/download/@types/rx-lite-aggregates-4.0.0.tgz#91f397b6463ab1eab69e5cd82e66b8683e158908"
  dependencies:
    "@types/rx-lite" "*"

"@types/rx-lite-async@*":
  version "4.0.0"
  resolved "http://registry.npm.taobao.org/@types/rx-lite-async/download/@types/rx-lite-async-4.0.0.tgz#c20d2a6dfe57a240296febbcc152fd070f6e2ee7"
  dependencies:
    "@types/rx-lite" "*"

"@types/rx-lite-backpressure@*":
  version "4.0.0"
  resolved "http://registry.npm.taobao.org/@types/rx-lite-backpressure/download/@types/rx-lite-backpressure-4.0.0.tgz#a9e6576bc63bfaa28fcbb6ce9f2079419cbc4d45"
  dependencies:
    "@types/rx-lite" "*"

"@types/rx-lite-coincidence@*":
  version "4.0.0"
  resolved "http://registry.npm.taobao.org/@types/rx-lite-coincidence/download/@types/rx-lite-coincidence-4.0.0.tgz#b619f856ebc4596d72be570303ed9a66b72f9561"
  dependencies:
    "@types/rx-lite" "*"

"@types/rx-lite-experimental@*":
  version "4.0.0"
  resolved "http://registry.npm.taobao.org/@types/rx-lite-experimental/download/@types/rx-lite-experimental-4.0.0.tgz#3391bfc6f0bd698e994c958022e1a2fe316c3fb9"
  dependencies:
    "@types/rx-lite" "*"

"@types/rx-lite-joinpatterns@*":
  version "4.0.0"
  resolved "http://registry.npm.taobao.org/@types/rx-lite-joinpatterns/download/@types/rx-lite-joinpatterns-4.0.0.tgz#1532b9319055ec97038e7ba6b70c8e883c4bcf12"
  dependencies:
    "@types/rx-lite" "*"

"@types/rx-lite-testing@*":
  version "4.0.0"
  resolved "http://registry.npm.taobao.org/@types/rx-lite-testing/download/@types/rx-lite-testing-4.0.0.tgz#c950d641dbfc4e06359de63440604a9d82e6e979"
  dependencies:
    "@types/rx-lite-virtualtime" "*"

"@types/rx-lite-time@*":
  version "4.0.0"
  resolved "http://registry.npm.taobao.org/@types/rx-lite-time/download/@types/rx-lite-time-4.0.0.tgz#d835941f707e09e5e7f04d49614e6e1bcd040105"
  dependencies:
    "@types/rx-lite" "*"

"@types/rx-lite-virtualtime@*":
  version "4.0.0"
  resolved "http://registry.npm.taobao.org/@types/rx-lite-virtualtime/download/@types/rx-lite-virtualtime-4.0.0.tgz#c7b62de0e59c1699b29a08e4effee8df05f544ac"
  dependencies:
    "@types/rx-lite" "*"

"@types/rx-lite@*":
  version "4.0.2"
  resolved "http://registry.npm.taobao.org/@types/rx-lite/download/@types/rx-lite-4.0.2.tgz#cb6012567a62888bb99a1e8118ba829e6e76c3bc"
  dependencies:
    "@types/rx-core" "*"
    "@types/rx-core-binding" "*"

"@types/rx@*":
  version "4.1.1"
  resolved "http://registry.npm.taobao.org/@types/rx/download/@types/rx-4.1.1.tgz#598fc94a56baed975f194574e0f572fd8e627a48"
  dependencies:
    "@types/rx-core" "*"
    "@types/rx-core-binding" "*"
    "@types/rx-lite" "*"
    "@types/rx-lite-aggregates" "*"
    "@types/rx-lite-async" "*"
    "@types/rx-lite-backpressure" "*"
    "@types/rx-lite-coincidence" "*"
    "@types/rx-lite-experimental" "*"
    "@types/rx-lite-joinpatterns" "*"
    "@types/rx-lite-testing" "*"
    "@types/rx-lite-time" "*"
    "@types/rx-lite-virtualtime" "*"

"@types/shelljs@^0.7.0":
  version "0.7.0"
  resolved "http://registry.npm.taobao.org/@types/shelljs/download/@types/shelljs-0.7.0.tgz#229c157c6bc1e67d6b990e6c5e18dbd2ff58cff0"
  dependencies:
    "@types/node" "*"

"@types/through@*":
  version "0.0.28"
  resolved "http://registry.npm.taobao.org/@types/through/download/@types/through-0.0.28.tgz#1effa9a6d00fb48572b4cc9f44df25b0100db7fc"
  dependencies:
    "@types/node" "*"

"@types/warning@^3.0.0":
  version "3.0.0"
  resolved "http://registry.npm.taobao.org/@types/warning/download/@types/warning-3.0.0.tgz#0d2501268ad8f9962b740d387c4654f5f8e23e52"

ansi-escapes@^1.1.0:
  version "1.4.0"
  resolved "http://registry.npm.taobao.org/ansi-escapes/download/ansi-escapes-1.4.0.tgz#d3a8a83b319aa67793662b13e761c7911422306e"

ansi-regex@^2.0.0:
  version "2.1.1"
  resolved "http://registry.npm.taobao.org/ansi-regex/download/ansi-regex-2.1.1.tgz#c3b33ab5ee360d86e0e628f0468ae7ef27d654df"

ansi-styles@^2.2.1:
  version "2.2.1"
  resolved "http://registry.npm.taobao.org/ansi-styles/download/ansi-styles-2.2.1.tgz#b432dd3358b634cf75e1e4664368240533c1ddbe"

balanced-match@^0.4.1:
  version "0.4.2"
  resolved "http://registry.npm.taobao.org/balanced-match/download/balanced-match-0.4.2.tgz#cb3f3e3c732dc0f01ee70b403f302e61d7709838"

brace-expansion@^1.0.0:
  version "1.1.6"
  resolved "http://registry.npm.taobao.org/brace-expansion/download/brace-expansion-1.1.6.tgz#7197d7eaa9b87e648390ea61fc66c84427420df9"
  dependencies:
    balanced-match "^0.4.1"
    concat-map "0.0.1"

chalk@^1.0.0, chalk@^1.1.3:
  version "1.1.3"
  resolved "http://registry.npm.taobao.org/chalk/download/chalk-1.1.3.tgz#a8115c55e4a702fe4d150abd3872822a7e09fc98"
  dependencies:
    ansi-styles "^2.2.1"
    escape-string-regexp "^1.0.2"
    has-ansi "^2.0.0"
    strip-ansi "^3.0.0"
    supports-color "^2.0.0"

cli-cursor@^2.1.0:
  version "2.1.0"
  resolved "http://registry.npm.taobao.org/cli-cursor/download/cli-cursor-2.1.0.tgz#b35dac376479facc3e94747d41d0d0f5238ffcb5"
  dependencies:
    restore-cursor "^2.0.0"

cli-width@^2.0.0:
  version "2.1.0"
  resolved "http://registry.npm.taobao.org/cli-width/download/cli-width-2.1.0.tgz#b234ca209b29ef66fc518d9b98d5847b00edf00a"

commander@^2.9.0:
  version "2.9.0"
  resolved "http://registry.npm.taobao.org/commander/download/commander-2.9.0.tgz#9c99094176e12240cb22d6c5146098400fe0f7d4"
  dependencies:
    graceful-readlink ">= 1.0.0"

concat-map@0.0.1:
  version "0.0.1"
  resolved "http://registry.npm.taobao.org/concat-map/download/concat-map-0.0.1.tgz#d8a96bd77fd68df7793a73036a3ba0d5405d477b"

escape-string-regexp@^1.0.2, escape-string-regexp@^1.0.5:
  version "1.0.5"
  resolved "http://registry.npm.taobao.org/escape-string-regexp/download/escape-string-regexp-1.0.5.tgz#1b61c0562190a8dff6ae3bb2cf0200ca130b86d4"

external-editor@^2.0.1:
  version "2.0.1"
  resolved "http://registry.npm.taobao.org/external-editor/download/external-editor-2.0.1.tgz#4c597c6c88fa6410e41dbbaa7b1be2336aa31095"
  dependencies:
    tmp "^0.0.31"

figures@^2.0.0:
  version "2.0.0"
  resolved "http://registry.npm.taobao.org/figures/download/figures-2.0.0.tgz#3ab1a2d2a62c8bfb431a0c94cb797a2fce27c962"
  dependencies:
    escape-string-regexp "^1.0.5"

fs-extra:
  version "2.0.0"
  resolved "https://registry.yarnpkg.com/fs-extra/-/fs-extra-2.0.0.tgz#337352bded4a0b714f3eb84de8cea765e9d37600"
  dependencies:
    graceful-fs "^4.1.2"
    jsonfile "^2.1.0"

fs.realpath@^1.0.0:
  version "1.0.0"
  resolved "http://registry.npm.taobao.org/fs.realpath/download/fs.realpath-1.0.0.tgz#1504ad2523158caa40db4a2787cb01411994ea4f"

glob@^7.0.0:
  version "7.1.1"
  resolved "http://registry.npm.taobao.org/glob/download/glob-7.1.1.tgz#805211df04faaf1c63a3600306cdf5ade50b2ec8"
  dependencies:
    fs.realpath "^1.0.0"
    inflight "^1.0.4"
    inherits "2"
    minimatch "^3.0.2"
    once "^1.3.0"
    path-is-absolute "^1.0.0"

graceful-fs@^4.1.2, graceful-fs@^4.1.6:
  version "4.1.11"
  resolved "https://registry.yarnpkg.com/graceful-fs/-/graceful-fs-4.1.11.tgz#0e8bdfe4d1ddb8854d64e04ea7c00e2a026e5658"

"graceful-readlink@>= 1.0.0":
  version "1.0.1"
  resolved "http://registry.npm.taobao.org/graceful-readlink/download/graceful-readlink-1.0.1.tgz#4cafad76bc62f02fa039b2f94e9a3dd3a391a725"

has-ansi@^2.0.0:
  version "2.0.0"
  resolved "http://registry.npm.taobao.org/has-ansi/download/has-ansi-2.0.0.tgz#34f5049ce1ecdf2b0649af3ef24e45ed35416d91"
  dependencies:
    ansi-regex "^2.0.0"

inflight@^1.0.4:
  version "1.0.6"
  resolved "http://registry.npm.taobao.org/inflight/download/inflight-1.0.6.tgz#49bd6331d7d02d0c09bc910a1075ba8165b56df9"
  dependencies:
    once "^1.3.0"
    wrappy "1"

inherits@2:
  version "2.0.3"
  resolved "http://registry.npm.taobao.org/inherits/download/inherits-2.0.3.tgz#633c2c83e3da42a502f52466022480f4208261de"

inherits@2.0.1:
  version "2.0.1"
  resolved "http://registry.npm.taobao.org/inherits/download/inherits-2.0.1.tgz#b17d08d326b4423e568eff719f91b0b1cbdf69f1"

inquirer-autocomplete-prompt@^0.6.0:
  version "0.6.0"
  resolved "http://registry.npm.taobao.org/inquirer-autocomplete-prompt/download/inquirer-autocomplete-prompt-0.6.0.tgz#de8f620cd83651032521283e47bfaad9c1372205"
  dependencies:
    ansi-escapes "^1.1.0"
    chalk "^1.1.3"
    figures "^2.0.0"
    inquirer "3.0.1"
    lodash "^4.17.4"
    util "^0.10.3"

inquirer@3.0.1, inquirer@^3.0.1:
  version "3.0.1"
  resolved "http://registry.npm.taobao.org/inquirer/download/inquirer-3.0.1.tgz#6dfbffaf4d697dd76c8fe349f919de01c28afc4d"
  dependencies:
    ansi-escapes "^1.1.0"
    chalk "^1.0.0"
    cli-cursor "^2.1.0"
    cli-width "^2.0.0"
    external-editor "^2.0.1"
    figures "^2.0.0"
    lodash "^4.3.0"
    mute-stream "0.0.7"
    run-async "^2.2.0"
    rx "^4.1.0"
    string-width "^2.0.0"
    strip-ansi "^3.0.0"
    through "^2.3.6"

interpret@^1.0.0:
  version "1.0.1"
  resolved "http://registry.npm.taobao.org/interpret/download/interpret-1.0.1.tgz#d579fb7f693b858004947af39fa0db49f795602c"

invariant@^2.2.2:
  version "2.2.2"
  resolved "http://registry.npm.taobao.org/invariant/download/invariant-2.2.2.tgz#9e1f56ac0acdb6bf303306f338be3b204ae60360"
  dependencies:
    loose-envify "^1.0.0"

is-fullwidth-code-point@^2.0.0:
  version "2.0.0"
  resolved "http://registry.npm.taobao.org/is-fullwidth-code-point/download/is-fullwidth-code-point-2.0.0.tgz#a3b30a5c4f199183167aaab93beefae3ddfb654f"

is-promise@^2.1.0:
  version "2.1.0"
  resolved "http://registry.npm.taobao.org/is-promise/download/is-promise-2.1.0.tgz#79a2a9ece7f096e80f36d2b2f3bc16c1ff4bf3fa"

js-tokens@^3.0.0:
  version "3.0.1"
  resolved "http://registry.npm.taobao.org/js-tokens/download/js-tokens-3.0.1.tgz#08e9f132484a2c45a30907e9dc4d5567b7f114d7"

jsonfile@^2.1.0:
  version "2.4.0"
  resolved "https://registry.yarnpkg.com/jsonfile/-/jsonfile-2.4.0.tgz#3736a2b428b87bbda0cc83b53fa3d633a35c2ae8"
  optionalDependencies:
    graceful-fs "^4.1.6"

lodash@^4.17.4, lodash@^4.3.0:
  version "4.17.4"
  resolved "http://registry.npm.taobao.org/lodash/download/lodash-4.17.4.tgz#78203a4d1c328ae1d86dca6460e369b57f4055ae"

loose-envify@^1.0.0:
  version "1.3.1"
  resolved "http://registry.npm.taobao.org/loose-envify/download/loose-envify-1.3.1.tgz#d1a8ad33fa9ce0e713d65fdd0ac8b748d478c848"
  dependencies:
    js-tokens "^3.0.0"

mimic-fn@^1.0.0:
  version "1.1.0"
  resolved "http://registry.npm.taobao.org/mimic-fn/download/mimic-fn-1.1.0.tgz#e667783d92e89dbd342818b5230b9d62a672ad18"

minimatch@3.0.3, minimatch@^3.0.2:
  version "3.0.3"
  resolved "http://registry.npm.taobao.org/minimatch/download/minimatch-3.0.3.tgz#2a4e4090b96b2db06a9d7df01055a62a77c9b774"
  dependencies:
    brace-expansion "^1.0.0"

mute-stream@0.0.7:
  version "0.0.7"
  resolved "http://registry.npm.taobao.org/mute-stream/download/mute-stream-0.0.7.tgz#3075ce93bc21b8fab43e1bc4da7e8115ed1e7bab"

once@^1.3.0:
  version "1.4.0"
  resolved "http://registry.npm.taobao.org/once/download/once-1.4.0.tgz#583b1aa775961d4b113ac17d9c50baef9dd76bd1"
  dependencies:
    wrappy "1"

onetime@^2.0.0:
  version "2.0.0"
  resolved "http://registry.npm.taobao.org/onetime/download/onetime-2.0.0.tgz#52aa8110e52fc5126ffc667bd8ec21c2ed209ce6"
  dependencies:
    mimic-fn "^1.0.0"

os-tmpdir@~1.0.1:
  version "1.0.2"
  resolved "http://registry.npm.taobao.org/os-tmpdir/download/os-tmpdir-1.0.2.tgz#bbe67406c79aa85c5cfec766fe5734555dfa1274"

path-is-absolute@^1.0.0:
  version "1.0.1"
  resolved "http://registry.npm.taobao.org/path-is-absolute/download/path-is-absolute-1.0.1.tgz#174b9268735534ffbc7ace6bf53a5a9e1b5c5f5f"

rechoir@^0.6.2:
  version "0.6.2"
  resolved "http://registry.npm.taobao.org/rechoir/download/rechoir-0.6.2.tgz#85204b54dba82d5742e28c96756ef43af50e3384"
  dependencies:
    resolve "^1.1.6"

recursive-readdir:
  version "2.1.1"
  resolved "https://registry.yarnpkg.com/recursive-readdir/-/recursive-readdir-2.1.1.tgz#a01cfc7f7f38a53ec096a096f63a50489c3e297c"
  dependencies:
    minimatch "3.0.3"

resolve@^1.1.6:
  version "1.2.0"
  resolved "http://registry.npm.taobao.org/resolve/download/resolve-1.2.0.tgz#9589c3f2f6149d1417a40becc1663db6ec6bc26c"

restore-cursor@^2.0.0:
  version "2.0.0"
  resolved "http://registry.npm.taobao.org/restore-cursor/download/restore-cursor-2.0.0.tgz#9f7ee287f82fd326d4fd162923d62129eee0dfaf"
  dependencies:
    onetime "^2.0.0"
    signal-exit "^3.0.2"

run-async@^2.2.0:
  version "2.3.0"
  resolved "http://registry.npm.taobao.org/run-async/download/run-async-2.3.0.tgz#0371ab4ae0bdd720d4166d7dfda64ff7a445a6c0"
  dependencies:
    is-promise "^2.1.0"

rx@^4.1.0:
  version "4.1.0"
  resolved "http://registry.npm.taobao.org/rx/download/rx-4.1.0.tgz#a5f13ff79ef3b740fe30aa803fb09f98805d4782"

shelljs@^0.7.6:
  version "0.7.6"
  resolved "http://registry.npm.taobao.org/shelljs/download/shelljs-0.7.6.tgz#379cccfb56b91c8601e4793356eb5382924de9ad"
  dependencies:
    glob "^7.0.0"
    interpret "^1.0.0"
    rechoir "^0.6.2"

signal-exit@^3.0.2:
  version "3.0.2"
  resolved "http://registry.npm.taobao.org/signal-exit/download/signal-exit-3.0.2.tgz#b5fdc08f1287ea1178628e415e25132b73646c6d"

string-width@^2.0.0:
  version "2.0.0"
  resolved "http://registry.npm.taobao.org/string-width/download/string-width-2.0.0.tgz#635c5436cc72a6e0c387ceca278d4e2eec52687e"
  dependencies:
    is-fullwidth-code-point "^2.0.0"
    strip-ansi "^3.0.0"

strip-ansi@^3.0.0:
  version "3.0.1"
  resolved "http://registry.npm.taobao.org/strip-ansi/download/strip-ansi-3.0.1.tgz#6a385fb8853d952d5ff05d0e8aaf94278dc63dcf"
  dependencies:
    ansi-regex "^2.0.0"

supports-color@^2.0.0:
  version "2.0.0"
  resolved "http://registry.npm.taobao.org/supports-color/download/supports-color-2.0.0.tgz#535d045ce6b6363fa40117084629995e9df324c7"

through@^2.3.6:
  version "2.3.8"
  resolved "http://registry.npm.taobao.org/through/download/through-2.3.8.tgz#0dd4c9ffaabc357960b1b724115d7e0e86a2e1f5"

tmp@^0.0.31:
  version "0.0.31"
  resolved "http://registry.npm.taobao.org/tmp/download/tmp-0.0.31.tgz#8f38ab9438e17315e5dbd8b3657e8bfb277ae4a7"
  dependencies:
    os-tmpdir "~1.0.1"

util@^0.10.3:
  version "0.10.3"
  resolved "http://registry.npm.taobao.org/util/download/util-0.10.3.tgz#7afb1afe50805246489e3db7fe0ed379336ac0f9"
  dependencies:
    inherits "2.0.1"

warning:
  version "3.0.0"
  resolved "https://registry.yarnpkg.com/warning/-/warning-3.0.0.tgz#32e5377cb572de4ab04753bdf8821c01ed605b7c"
  dependencies:
    loose-envify "^1.0.0"

wrappy@1:
  version "1.0.2"
  resolved "http://registry.npm.taobao.org/wrappy/download/wrappy-1.0.2.tgz#b5243d8f3ec1aa35f1364605bc0d1036e30ab69f"
